
Microsoft Visual Studio Solution File, Format Version 12.00
# Visual Studio 2012
Project("{FAE04EC0-301F-11D3-BF4B-00C04F79EFBC}") = "EditableMvc.Web", "EditableMvc.Web\EditableMvc.Web.csproj", "{9357FA82-250D-4064-BDCD-AF5224532285}"
EndProject
Project("{2150E333-8FDC-42A3-9474-1A3956D46DE8}") = "NugetPackage", "NugetPackage", "{DA519DD5-AEA7-41E6-9B43-9A50928AAF61}"
	ProjectSection(SolutionItems) = preProject
		EditableMvc.1.0.0.nupkg = EditableMvc.1.0.0.nupkg
		Install.txt = Install.txt
	EndProjectSection
EndProject
Project("{FAE04EC0-301F-11D3-BF4B-00C04F79EFBC}") = "EditableMvc.Package", "EditableMvc.Package\EditableMvc.Package.csproj", "{D3789AE2-6514-46AD-895B-59EE7D13E325}"
EndProject
Global
	GlobalSection(SolutionConfigurationPlatforms) = preSolution
		Debug|Any CPU = Debug|Any CPU
		Release|Any CPU = Release|Any CPU
	EndGlobalSection
	GlobalSection(ProjectConfigurationPlatforms) = postSolution
		{9357FA82-250D-4064-BDCD-AF5224532285}.Debug|Any CPU.ActiveCfg = Debug|Any CPU
		{9357FA82-250D-4064-BDCD-AF5224532285}.Debug|Any CPU.Build.0 = Debug|Any CPU
		{9357FA82-250D-4064-BDCD-AF5224532285}.Release|Any CPU.ActiveCfg = Release|Any CPU
		{9357FA82-250D-4064-BDCD-AF5224532285}.Release|Any CPU.Build.0 = Release|Any CPU
		{D3789AE2-6514-46AD-895B-59EE7D13E325}.Debug|Any CPU.ActiveCfg = Debug|Any CPU
		{D3789AE2-6514-46AD-895B-59EE7D13E325}.Debug|Any CPU.Build.0 = Debug|Any CPU
		{D3789AE2-6514-46AD-895B-59EE7D13E325}.Release|Any CPU.ActiveCfg = Release|Any CPU
		{D3789AE2-6514-46AD-895B-59EE7D13E325}.Release|Any CPU.Build.0 = Release|Any CPU
	EndGlobalSection
	GlobalSection(SolutionProperties) = preSolution
		HideSolutionNode = FALSE
	EndGlobalSection
EndGlobal
